PODS:
  - Alamofire (5.2.2)
  - KakaoAdSDK (0.5.0)
  - KakaoSDKAuth (2.0.2):
    - KakaoSDKCommon (= 2.0.2)
  - KakaoSDKCommon (2.0.2):
    - Alamofire (~> 5.1)
  - KakaoSDKTalk (2.0.2):
    - KakaoSDKAuth (= 2.0.2)
    - KakaoSDKCommon (= 2.0.2)
    - KakaoSDKTemplate (= 2.0.2)
  - KakaoSDKTemplate (2.0.2):
    - KakaoSDKCommon (= 2.0.2)
  - KakaoSDKUser (2.0.2):
    - KakaoSDKAuth (= 2.0.2)
    - KakaoSDKCommon (= 2.0.2)

DEPENDENCIES:
  - KakaoAdSDK
  - KakaoSDKAuth
  - KakaoSDKCommon
  - KakaoSDKTalk
  - KakaoSDKUser

SPEC REPOS:
  trunk:
    - Alamofire
    - KakaoAdSDK
    - KakaoSDKAuth
    - KakaoSDKCommon
    - KakaoSDKTalk
    - KakaoSDKTemplate
    - KakaoSDKUser

SPEC CHECKSUMS:
  Alamofire: 814429acc853c6c54ff123fc3d2ef66803823ce0
  KakaoAdSDK: b184296e06a62e79e840db091032707c89f245eb
  KakaoSDKAuth: 69698a4a6726f2b43fb43246891a1a747343935e
  KakaoSDKCommon: 2226e13fbbd4a875826c7a348cf4f535392a4b8f
  KakaoSDKTalk: af761ee90ff9bc732cc2e5515ad5e0b3cbf81480
  KakaoSDKTemplate: c68a1c313211c7f925d297ff0aaae741b4b48c4f
  KakaoSDKUser: a4a82ba374e0b3478be3f66307943e85542149ee

PODFILE CHECKSUM: 6350b124a79abe25f0e20fadf1e879ae0254ea17

COCOAPODS: 1.9.3
