// !$*UTF8*$!
{
	archiveVersion = 1;
	classes = {
	};
	objectVersion = 50;
	objects = {

/* Begin PBXBuildFile section */
		30628B0C250207FD0037AB3B /* AppDelegate.swift in Sources */ = {isa = PBXBuildFile; fileRef = 30628B0B250207FD0037AB3B /* AppDelegate.swift */; };
		30628B0E250207FD0037AB3B /* SceneDelegate.swift in Sources */ = {isa = PBXBuildFile; fileRef = 30628B0D250207FD0037AB3B /* SceneDelegate.swift */; };
		30628B13250207FD0037AB3B /* Main.storyboard in Resources */ = {isa = PBXBuildFile; fileRef = 30628B11250207FD0037AB3B /* Main.storyboard */; };
		30628B16250207FD0037AB3B /* SSAK30.xcdatamodeld in Sources */ = {isa = PBXBuildFile; fileRef = 30628B14250207FD0037AB3B /* SSAK30.xcdatamodeld */; };
		30628B18250208000037AB3B /* Assets.xcassets in Resources */ = {isa = PBXBuildFile; fileRef = 30628B17250208000037AB3B /* Assets.xcassets */; };
		30628B1B250208000037AB3B /* LaunchScreen.storyboard in Resources */ = {isa = PBXBuildFile; fileRef = 30628B19250208000037AB3B /* LaunchScreen.storyboard */; };
		4ED5E447250218650016EFD8 /* playstore.png in Resources */ = {isa = PBXBuildFile; fileRef = 4ED5E446250218650016EFD8 /* playstore.png */; };
		EC1E3BA62502167200F4ABDB /* HomeViewController.swift in Sources */ = {isa = PBXBuildFile; fileRef = EC1E3BA52502167200F4ABDB /* HomeViewController.swift */; };
		EC1E3BA82502169A00F4ABDB /* NoticeViewController.swift in Sources */ = {isa = PBXBuildFile; fileRef = EC1E3BA72502169A00F4ABDB /* NoticeViewController.swift */; };
		EC1E3BAA250216AF00F4ABDB /* InterestViwController.swift in Sources */ = {isa = PBXBuildFile; fileRef = EC1E3BA9250216AF00F4ABDB /* InterestViewController.swift */; };
		EC1E3BAC250216C000F4ABDB /* MyinfoViewController.swift in Sources */ = {isa = PBXBuildFile; fileRef = EC1E3BAB250216C000F4ABDB /* MyinfoViewController.swift */; };
/* End PBXBuildFile section */

/* Begin PBXFileReference section */
		30628B08250207FD0037AB3B /* SSAK30.app */ = {isa = PBXFileReference; explicitFileType = wrapper.application; includeInIndex = 0; path = SSAK30.app; sourceTree = BUILT_PRODUCTS_DIR; };
		30628B0B250207FD0037AB3B /* AppDelegate.swift */ = {isa = PBXFileReference; lastKnownFileType = sourcecode.swift; path = AppDelegate.swift; sourceTree = "<group>"; };
		30628B0D250207FD0037AB3B /* SceneDelegate.swift */ = {isa = PBXFileReference; lastKnownFileType = sourcecode.swift; path = SceneDelegate.swift; sourceTree = "<group>"; };
		30628B12250207FD0037AB3B /* Base */ = {isa = PBXFileReference; lastKnownFileType = file.storyboard; name = Base; path = Base.lproj/Main.storyboard; sourceTree = "<group>"; };
		30628B15250207FD0037AB3B /* SSAK30.xcdatamodel */ = {isa = PBXFileReference; lastKnownFileType = wrapper.xcdatamodel; path = SSAK30.xcdatamodel; sourceTree = "<group>"; };
		30628B17250208000037AB3B /* Assets.xcassets */ = {isa = PBXFileReference; lastKnownFileType = folder.assetcatalog; path = Assets.xcassets; sourceTree = "<group>"; };
		30628B1A250208000037AB3B /* Base */ = {isa = PBXFileReference; lastKnownFileType = file.storyboard; name = Base; path = Base.lproj/LaunchScreen.storyboard; sourceTree = "<group>"; };
		30628B1C250208000037AB3B /* Info.plist */ = {isa = PBXFileReference; lastKnownFileType = text.plist.xml; path = Info.plist; sourceTree = "<group>"; };
		4ED5E446250218650016EFD8 /* playstore.png */ = {isa = PBXFileReference; lastKnownFileType = image.png; path = playstore.png; sourceTree = "<group>"; };
		EC1E3BA52502167200F4ABDB /* HomeViewController.swift */ = {isa = PBXFileReference; lastKnownFileType = sourcecode.swift; path = HomeViewController.swift; sourceTree = "<group>"; };
		EC1E3BA72502169A00F4ABDB /* NoticeViewController.swift */ = {isa = PBXFileReference; lastKnownFileType = sourcecode.swift; path = NoticeViewController.swift; sourceTree = "<group>"; };
		EC1E3BA9250216AF00F4ABDB /* InterestViewController.swift */ = {isa = PBXFileReference; lastKnownFileType = sourcecode.swift; path = InterestViewController.swift; sourceTree = "<group>"; };
		EC1E3BAB250216C000F4ABDB /* MyinfoViewController.swift */ = {isa = PBXFileReference; lastKnownFileType = sourcecode.swift; path = MyinfoViewController.swift; sourceTree = "<group>"; };
/* End PBXFileReference section */

/* Begin PBXFrameworksBuildPhase section */
		30628B05250207FD0037AB3B /* Frameworks */ = {
			isa = PBXFrameworksBuildPhase;
			buildActionMask = 2147483647;
			files = (
			);
			runOnlyForDeploymentPostprocessing = 0;
		};
/* End PBXFrameworksBuildPhase section */

/* Begin PBXGroup section */
		30628AFF250207FD0037AB3B = {
			isa = PBXGroup;
			children = (
				30628B0A250207FD0037AB3B /* SSAK30 */,
				30628B09250207FD0037AB3B /* Products */,
			);
			sourceTree = "<group>";
		};
		30628B09250207FD0037AB3B /* Products */ = {
			isa = PBXGroup;
			children = (
				30628B08250207FD0037AB3B /* SSAK30.app */,
			);
			name = Products;
			sourceTree = "<group>";
		};
		30628B0A250207FD0037AB3B /* SSAK30 */ = {
			isa = PBXGroup;
			children = (
				4ED5E446250218650016EFD8 /* playstore.png */,
				30628B0B250207FD0037AB3B /* AppDelegate.swift */,
				30628B0D250207FD0037AB3B /* SceneDelegate.swift */,
				30628B11250207FD0037AB3B /* Main.storyboard */,
				EC1E3BA52502167200F4ABDB /* HomeViewController.swift */,
				EC1E3BA72502169A00F4ABDB /* NoticeViewController.swift */,
				EC1E3BA9250216AF00F4ABDB /* InterestViewController.swift */,
				EC1E3BAB250216C000F4ABDB /* MyinfoViewController.swift */,
				30628B17250208000037AB3B /* Assets.xcassets */,
				30628B19250208000037AB3B /* LaunchScreen.storyboard */,
				30628B1C250208000037AB3B /* Info.plist */,
				30628B14250207FD0037AB3B /* SSAK30.xcdatamodeld */,
			);
			path = SSAK30;
			sourceTree = "<group>";
		};
/* End PBXGroup section */

/* Begin PBXNativeTarget section */
		30628B07250207FD0037AB3B /* SSAK30 */ = {
			isa = PBXNativeTarget;
			buildConfigurationList = 30628B1F250208000037AB3B /* Build configuration list for PBXNativeTarget "SSAK30" */;
			buildPhases = (
				30628B04250207FD0037AB3B /* Sources */,
				30628B05250207FD0037AB3B /* Frameworks */,
				30628B06250207FD0037AB3B /* Resources */,
			);
			buildRules = (
			);
			dependencies = (
			);
			name = SSAK30;
			productName = SSAK30;
			productReference = 30628B08250207FD0037AB3B /* SSAK30.app */;
			productType = "com.apple.product-type.application";
		};
/* End PBXNativeTarget section */

/* Begin PBXProject section */
		30628B00250207FD0037AB3B /* Project object */ = {
			isa = PBXProject;
			attributes = {
				LastSwiftUpdateCheck = 1160;
				LastUpgradeCheck = 1160;
				ORGANIZATIONNAME = "김승희";
				TargetAttributes = {
					30628B07250207FD0037AB3B = {
						CreatedOnToolsVersion = 11.6;
					};
				};
			};
			buildConfigurationList = 30628B03250207FD0037AB3B /* Build configuration list for PBXProject "SSAK30" */;
			compatibilityVersion = "Xcode 9.3";
			developmentRegion = en;
			hasScannedForEncodings = 0;
			knownRegions = (
				en,
				Base,
			);
			mainGroup = 30628AFF250207FD0037AB3B;
			productRefGroup = 30628B09250207FD0037AB3B /* Products */;
			projectDirPath = "";
			projectRoot = "";
			targets = (
				30628B07250207FD0037AB3B /* SSAK30 */,
			);
		};
/* End PBXProject section */

/* Begin PBXResourcesBuildPhase section */
		30628B06250207FD0037AB3B /* Resources */ = {
			isa = PBXResourcesBuildPhase;
			buildActionMask = 2147483647;
			files = (
				30628B1B250208000037AB3B /* LaunchScreen.storyboard in Resources */,
				30628B18250208000037AB3B /* Assets.xcassets in Resources */,
				30628B13250207FD0037AB3B /* Main.storyboard in Resources */,
				4ED5E447250218650016EFD8 /* playstore.png in Resources */,
			);
			runOnlyForDeploymentPostprocessing = 0;
		};
/* End PBXResourcesBuildPhase section */

/* Begin PBXSourcesBuildPhase section */
		30628B04250207FD0037AB3B /* Sources */ = {
			isa = PBXSourcesBuildPhase;
			buildActionMask = 2147483647;
			files = (
				EC1E3BAA250216AF00F4ABDB /* InterestViewController.swift in Sources */,
				30628B16250207FD0037AB3B /* SSAK30.xcdatamodeld in Sources */,
				30628B0C250207FD0037AB3B /* AppDelegate.swift in Sources */,
				EC1E3BAC250216C000F4ABDB /* MyinfoViewController.swift in Sources */,
				30628B0E250207FD0037AB3B /* SceneDelegate.swift in Sources */,
				EC1E3BA62502167200F4ABDB /* HomeViewController.swift in Sources */,
				EC1E3BA82502169A00F4ABDB /* NoticeViewController.swift in Sources */,
			);
			runOnlyForDeploymentPostprocessing = 0;
		};
/* End PBXSourcesBuildPhase section */

/* Begin PBXVariantGroup section */
		30628B11250207FD0037AB3B /* Main.storyboard */ = {
			isa = PBXVariantGroup;
			children = (
				30628B12250207FD0037AB3B /* Base */,
			);
			name = Main.storyboard;
			sourceTree = "<group>";
		};
		30628B19250208000037AB3B /* LaunchScreen.storyboard */ = {
			isa = PBXVariantGroup;
			children = (
				30628B1A250208000037AB3B /* Base */,
			);
			name = LaunchScreen.storyboard;
			sourceTree = "<group>";
		};
/* End PBXVariantGroup section */

/* Begin XCBuildConfiguration section */
		30628B1D250208000037AB3B /* Debug */ = {
			isa = XCBuildConfiguration;
			buildSettings = {
				ALWAYS_SEARCH_USER_PATHS = NO;
				CLANG_ANALYZER_NONNULL = YES;
				CLANG_ANALYZER_NUMBER_OBJECT_CONVERSION = YES_AGGRESSIVE;
				CLANG_CXX_LANGUAGE_STANDARD = "gnu++14";
				CLANG_CXX_LIBRARY = "libc++";
				CLANG_ENABLE_MODULES = YES;
				CLANG_ENABLE_OBJC_ARC = YES;
				CLANG_ENABLE_OBJC_WEAK = YES;
				CLANG_WARN_BLOCK_CAPTURE_AUTORELEASING = YES;
				CLANG_WARN_BOOL_CONVERSION = YES;
				CLANG_WARN_COMMA = YES;
				CLANG_WARN_CONSTANT_CONVERSION = YES;
				CLANG_WARN_DEPRECATED_OBJC_IMPLEMENTATIONS = YES;
				CLANG_WARN_DIRECT_OBJC_ISA_USAGE = YES_ERROR;
				CLANG_WARN_DOCUMENTATION_COMMENTS = YES;
				CLANG_WARN_EMPTY_BODY = YES;
				CLANG_WARN_ENUM_CONVERSION = YES;
				CLANG_WARN_INFINITE_RECURSION = YES;
				CLANG_WARN_INT_CONVERSION = YES;
				CLANG_WARN_NON_LITERAL_NULL_CONVERSION = YES;
				CLANG_WARN_OBJC_IMPLICIT_RETAIN_SELF = YES;
				CLANG_WARN_OBJC_LITERAL_CONVERSION = YES;
				CLANG_WARN_OBJC_ROOT_CLASS = YES_ERROR;
				CLANG_WARN_RANGE_LOOP_ANALYSIS = YES;
				CLANG_WARN_STRICT_PROTOTYPES = YES;
				CLANG_WARN_SUSPICIOUS_MOVE = YES;
				CLANG_WARN_UNGUARDED_AVAILABILITY = YES_AGGRESSIVE;
				CLANG_WARN_UNREACHABLE_CODE = YES;
				CLANG_WARN__DUPLICATE_METHOD_MATCH = YES;
				COPY_PHASE_STRIP = NO;
				DEBUG_INFORMATION_FORMAT = dwarf;
				ENABLE_STRICT_OBJC_MSGSEND = YES;
				ENABLE_TESTABILITY = YES;
				GCC_C_LANGUAGE_STANDARD = gnu11;
				GCC_DYNAMIC_NO_PIC = NO;
				GCC_NO_COMMON_BLOCKS = YES;
				GCC_OPTIMIZATION_LEVEL = 0;
				GCC_PREPROCESSOR_DEFINITIONS = (
					"DEBUG=1",
					"$(inherited)",
				);
				GCC_WARN_64_TO_32_BIT_CONVERSION = YES;
				GCC_WARN_ABOUT_RETURN_TYPE = YES_ERROR;
				GCC_WARN_UNDECLARED_SELECTOR = YES;
				GCC_WARN_UNINITIALIZED_AUTOS = YES_AGGRESSIVE;
				GCC_WARN_UNUSED_FUNCTION = YES;
				GCC_WARN_UNUSED_VARIABLE = YES;
				IPHONEOS_DEPLOYMENT_TARGET = 13.6;
				MTL_ENABLE_DEBUG_INFO = INCLUDE_SOURCE;
				MTL_FAST_MATH = YES;
				ONLY_ACTIVE_ARCH = YES;
				SDKROOT = iphoneos;
				SWIFT_ACTIVE_COMPILATION_CONDITIONS = DEBUG;
				SWIFT_OPTIMIZATION_LEVEL = "-Onone";
			};
			name = Debug;
		};
		30628B1E250208000037AB3B /* Release */ = {
			isa = XCBuildConfiguration;
			buildSettings = {
				ALWAYS_SEARCH_USER_PATHS = NO;
				CLANG_ANALYZER_NONNULL = YES;
				CLANG_ANALYZER_NUMBER_OBJECT_CONVERSION = YES_AGGRESSIVE;
				CLANG_CXX_LANGUAGE_STANDARD = "gnu++14";
				CLANG_CXX_LIBRARY = "libc++";
				CLANG_ENABLE_MODULES = YES;
				CLANG_ENABLE_OBJC_ARC = YES;
				CLANG_ENABLE_OBJC_WEAK = YES;
				CLANG_WARN_BLOCK_CAPTURE_AUTORELEASING = YES;
				CLANG_WARN_BOOL_CONVERSION = YES;
				CLANG_WARN_COMMA = YES;
				CLANG_WARN_CONSTANT_CONVERSION = YES;
				CLANG_WARN_DEPRECATED_OBJC_IMPLEMENTATIONS = YES;
				CLANG_WARN_DIRECT_OBJC_ISA_USAGE = YES_ERROR;
				CLANG_WARN_DOCUMENTATION_COMMENTS = YES;
				CLANG_WARN_EMPTY_BODY = YES;
				CLANG_WARN_ENUM_CONVERSION = YES;
				CLANG_WARN_INFINITE_RECURSION = YES;
				CLANG_WARN_INT_CONVERSION = YES;
				CLANG_WARN_NON_LITERAL_NULL_CONVERSION = YES;
				CLANG_WARN_OBJC_IMPLICIT_RETAIN_SELF = YES;
				CLANG_WARN_OBJC_LITERAL_CONVERSION = YES;
				CLANG_WARN_OBJC_ROOT_CLASS = YES_ERROR;
				CLANG_WARN_RANGE_LOOP_ANALYSIS = YES;
				CLANG_WARN_STRICT_PROTOTYPES = YES;
				CLANG_WARN_SUSPICIOUS_MOVE = YES;
				CLANG_WARN_UNGUARDED_AVAILABILITY = YES_AGGRESSIVE;
				CLANG_WARN_UNREACHABLE_CODE = YES;
				CLANG_WARN__DUPLICATE_METHOD_MATCH = YES;
				COPY_PHASE_STRIP = NO;
				DEBUG_INFORMATION_FORMAT = "dwarf-with-dsym";
				ENABLE_NS_ASSERTIONS = NO;
				ENABLE_STRICT_OBJC_MSGSEND = YES;
				GCC_C_LANGUAGE_STANDARD = gnu11;
				GCC_NO_COMMON_BLOCKS = YES;
				GCC_WARN_64_TO_32_BIT_CONVERSION = YES;
				GCC_WARN_ABOUT_RETURN_TYPE = YES_ERROR;
				GCC_WARN_UNDECLARED_SELECTOR = YES;
				GCC_WARN_UNINITIALIZED_AUTOS = YES_AGGRESSIVE;
				GCC_WARN_UNUSED_FUNCTION = YES;
				GCC_WARN_UNUSED_VARIABLE = YES;
				IPHONEOS_DEPLOYMENT_TARGET = 13.6;
				MTL_ENABLE_DEBUG_INFO = NO;
				MTL_FAST_MATH = YES;
				SDKROOT = iphoneos;
				SWIFT_COMPILATION_MODE = wholemodule;
				SWIFT_OPTIMIZATION_LEVEL = "-O";
				VALIDATE_PRODUCT = YES;
			};
			name = Release;
		};
		30628B20250208000037AB3B /* Debug */ = {
			isa = XCBuildConfiguration;
			buildSettings = {
				ASSETCATALOG_COMPILER_APPICON_NAME = AppIcon;
				CODE_SIGN_STYLE = Automatic;
				INFOPLIST_FILE = SSAK30/Info.plist;
				LD_RUNPATH_SEARCH_PATHS = (
					"$(inherited)",
					"@executable_path/Frameworks",
				);
				PRODUCT_BUNDLE_IDENTIFIER = com.sh.SSAK30;
				PRODUCT_NAME = "$(TARGET_NAME)";
				SWIFT_VERSION = 5.0;
				TARGETED_DEVICE_FAMILY = 1;
			};
			name = Debug;
		};
		30628B21250208000037AB3B /* Release */ = {
			isa = XCBuildConfiguration;
			buildSettings = {
				ASSETCATALOG_COMPILER_APPICON_NAME = AppIcon;
				CODE_SIGN_STYLE = Automatic;
				INFOPLIST_FILE = SSAK30/Info.plist;
				LD_RUNPATH_SEARCH_PATHS = (
					"$(inherited)",
					"@executable_path/Frameworks",
				);
				PRODUCT_BUNDLE_IDENTIFIER = com.sh.SSAK30;
				PRODUCT_NAME = "$(TARGET_NAME)";
				SWIFT_VERSION = 5.0;
				TARGETED_DEVICE_FAMILY = 1;
			};
			name = Release;
		};
/* End XCBuildConfiguration section */

/* Begin XCConfigurationList section */
		30628B03250207FD0037AB3B /* Build configuration list for PBXProject "SSAK30" */ = {
			isa = XCConfigurationList;
			buildConfigurations = (
				30628B1D250208000037AB3B /* Debug */,
				30628B1E250208000037AB3B /* Release */,
			);
			defaultConfigurationIsVisible = 0;
			defaultConfigurationName = Release;
		};
		30628B1F250208000037AB3B /* Build configuration list for PBXNativeTarget "SSAK30" */ = {
			isa = XCConfigurationList;
			buildConfigurations = (
				30628B20250208000037AB3B /* Debug */,
				30628B21250208000037AB3B /* Release */,
			);
			defaultConfigurationIsVisible = 0;
			defaultConfigurationName = Release;
		};
/* End XCConfigurationList section */

/* Begin XCVersionGroup section */
		30628B14250207FD0037AB3B /* SSAK30.xcdatamodeld */ = {
			isa = XCVersionGroup;
			children = (
				30628B15250207FD0037AB3B /* SSAK30.xcdatamodel */,
			);
			currentVersion = 30628B15250207FD0037AB3B /* SSAK30.xcdatamodel */;
			path = SSAK30.xcdatamodeld;
			sourceTree = "<group>";
			versionGroupType = wrapper.xcdatamodel;
		};
/* End XCVersionGroup section */
	};
	rootObject = 30628B00250207FD0037AB3B /* Project object */;
}
