// !$*UTF8*$!
{
	archiveVersion = 1;
	classes = {
	};
	objectVersion = 51;
	objects = {

/* Begin PBXBuildFile section */
		21D2D1A8250726DE00085E16 /* SignUpDBModel.swift in Sources */ = {isa = PBXBuildFile; fileRef = 21D2D1A7250726DE00085E16 /* SignUpDBModel.swift */; };
		21D2D1AA250728B300085E16 /* SignUpModel.swift in Sources */ = {isa = PBXBuildFile; fileRef = 21D2D1A9250728B300085E16 /* SignUpModel.swift */; };
		21D2D1AC2507535B00085E16 /* readmeD.rtf in Resources */ = {isa = PBXBuildFile; fileRef = 21D2D1AB2507535B00085E16 /* readmeD.rtf */; };
		21D2D1B02508698600085E16 /* EmailChkModel.swift in Sources */ = {isa = PBXBuildFile; fileRef = 21D2D1AF2508698600085E16 /* EmailChkModel.swift */; };
		24BCEC0F2665896B85AD06B8 /* Pods_SSAK30.framework in Frameworks */ = {isa = PBXBuildFile; fileRef = D1584B15B579549D07F61806 /* Pods_SSAK30.framework */; };
		300F98DA2506055300411288 /* BSearchViewController.swift in Sources */ = {isa = PBXBuildFile; fileRef = 300F98D92506055300411288 /* BSearchViewController.swift */; };
		30628B0C250207FD0037AB3B /* AppDelegate.swift in Sources */ = {isa = PBXBuildFile; fileRef = 30628B0B250207FD0037AB3B /* AppDelegate.swift */; };
		30628B0E250207FD0037AB3B /* SceneDelegate.swift in Sources */ = {isa = PBXBuildFile; fileRef = 30628B0D250207FD0037AB3B /* SceneDelegate.swift */; };
		30628B13250207FD0037AB3B /* Main.storyboard in Resources */ = {isa = PBXBuildFile; fileRef = 30628B11250207FD0037AB3B /* Main.storyboard */; };
		30628B16250207FD0037AB3B /* SSAK30.xcdatamodeld in Sources */ = {isa = PBXBuildFile; fileRef = 30628B14250207FD0037AB3B /* SSAK30.xcdatamodeld */; };
		30628B18250208000037AB3B /* Assets.xcassets in Resources */ = {isa = PBXBuildFile; fileRef = 30628B17250208000037AB3B /* Assets.xcassets */; };
		30628B1B250208000037AB3B /* LaunchScreen.storyboard in Resources */ = {isa = PBXBuildFile; fileRef = 30628B19250208000037AB3B /* LaunchScreen.storyboard */; };
		306561EF2508C11B004DA1E2 /* popStoreTableViewCell.swift in Sources */ = {isa = PBXBuildFile; fileRef = 306561EE2508C11B004DA1E2 /* popStoreTableViewCell.swift */; };
		306561F12508CD85004DA1E2 /* AfterSearchTableViewController.swift in Sources */ = {isa = PBXBuildFile; fileRef = 306561F02508CD85004DA1E2 /* AfterSearchTableViewController.swift */; };
		308D362525024EAB00B363B9 /* BHomeViewController.swift in Sources */ = {isa = PBXBuildFile; fileRef = 308D362425024EAB00B363B9 /* BHomeViewController.swift */; };
		308D362725024EB600B363B9 /* BNoticeViewController.swift in Sources */ = {isa = PBXBuildFile; fileRef = 308D362625024EB600B363B9 /* BNoticeViewController.swift */; };
		308D362925024EC100B363B9 /* BInterestViewController.swift in Sources */ = {isa = PBXBuildFile; fileRef = 308D362825024EC100B363B9 /* BInterestViewController.swift */; };
		308D362B25024ECE00B363B9 /* BMyinfoViewController.swift in Sources */ = {isa = PBXBuildFile; fileRef = 308D362A25024ECE00B363B9 /* BMyinfoViewController.swift */; };
		308D362D25024F6000B363B9 /* LoginViewController.swift in Sources */ = {isa = PBXBuildFile; fileRef = 308D362C25024F6000B363B9 /* LoginViewController.swift */; };
		30D5B0B4250A0959002B66EB /* MarketModel.swift in Sources */ = {isa = PBXBuildFile; fileRef = 30D5B0B3250A0959002B66EB /* MarketModel.swift */; };
		30D5B0B6250A0A76002B66EB /* NearStoreModel.swift in Sources */ = {isa = PBXBuildFile; fileRef = 30D5B0B5250A0A76002B66EB /* NearStoreModel.swift */; };
		30D5B0B8250A0C5D002B66EB /* StoreMarketQueryModel.swift in Sources */ = {isa = PBXBuildFile; fileRef = 30D5B0B7250A0C5D002B66EB /* StoreMarketQueryModel.swift */; };
		4ED5E447250218650016EFD8 /* playstore.png in Resources */ = {isa = PBXBuildFile; fileRef = 4ED5E446250218650016EFD8 /* playstore.png */; };
		6B895EC82508CD18008E4D3D /* BHomeDBModel.swift in Sources */ = {isa = PBXBuildFile; fileRef = 6B895EC72508CD18008E4D3D /* BHomeDBModel.swift */; };
		6B895ECA2508CD31008E4D3D /* BHomeQueryModel.swift in Sources */ = {isa = PBXBuildFile; fileRef = 6B895EC92508CD31008E4D3D /* BHomeQueryModel.swift */; };
		6B895ECC2508CE2F008E4D3D /* BHomeTableViewCell.swift in Sources */ = {isa = PBXBuildFile; fileRef = 6B895ECB2508CE2F008E4D3D /* BHomeTableViewCell.swift */; };
		6BC590A9250CFB09001A7FAD /* BDetailQueryModel.swift in Sources */ = {isa = PBXBuildFile; fileRef = 6BC590A8250CFB09001A7FAD /* BDetailQueryModel.swift */; };
		6BE3EE082509DB8900323294 /* BMainRecommendListViewController.swift in Sources */ = {isa = PBXBuildFile; fileRef = 6BE3EE072509DB8900323294 /* BMainRecommendListViewController.swift */; };
		6BE3EE0A2509F34900323294 /* BHomeInterstQueryModel.swift in Sources */ = {isa = PBXBuildFile; fileRef = 6BE3EE092509F34900323294 /* BHomeInterstQueryModel.swift */; };
		6BE3EE0E250A1A6200323294 /* SMainRecommendListViewController.swift in Sources */ = {isa = PBXBuildFile; fileRef = 6BE3EE0D250A1A6200323294 /* SMainRecommendListViewController.swift */; };
		6BE3EE10250A21D000323294 /* SHomeQueryModel.swift in Sources */ = {isa = PBXBuildFile; fileRef = 6BE3EE0F250A21D000323294 /* SHomeQueryModel.swift */; };
		6BED9817250B240900FC8A2A /* meat.jpeg in Resources */ = {isa = PBXBuildFile; fileRef = 6BED9816250B240900FC8A2A /* meat.jpeg */; };
		6BED9819250B241800FC8A2A /* chicken.jpeg in Resources */ = {isa = PBXBuildFile; fileRef = 6BED9818250B241800FC8A2A /* chicken.jpeg */; };
		9DCDB80B2505FBEE00A6F940 /* BuySellChkViewController.swift in Sources */ = {isa = PBXBuildFile; fileRef = 9DCDB80A2505FBEE00A6F940 /* BuySellChkViewController.swift */; };
		9DCDB80D2506080D00A6F940 /* SignUpViewController.swift in Sources */ = {isa = PBXBuildFile; fileRef = 9DCDB80C2506080D00A6F940 /* SignUpViewController.swift */; };
		9DCDB80F2506252800A6F940 /* FindIdPwViewController.swift in Sources */ = {isa = PBXBuildFile; fileRef = 9DCDB80E2506252800A6F940 /* FindIdPwViewController.swift */; };
		9DCDB8112507485000A6F940 /* BMyInfoDBModel.swift in Sources */ = {isa = PBXBuildFile; fileRef = 9DCDB8102507485000A6F940 /* BMyInfoDBModel.swift */; };
		9DCDB8132507594B00A6F940 /* BMyInfoQueryModel.swift in Sources */ = {isa = PBXBuildFile; fileRef = 9DCDB8122507594B00A6F940 /* BMyInfoQueryModel.swift */; };
		9DCDB817250779D400A6F940 /* BMyInfoBuyListQueryModel.swift in Sources */ = {isa = PBXBuildFile; fileRef = 9DCDB816250779D400A6F940 /* BMyInfoBuyListQueryModel.swift */; };
		9DCDB81B25087C1800A6F940 /* SMyInfoDBModel.swift in Sources */ = {isa = PBXBuildFile; fileRef = 9DCDB81A25087C1800A6F940 /* SMyInfoDBModel.swift */; };
		9DCDB81D2508B84000A6F940 /* SMyInfoQueryModel.swift in Sources */ = {isa = PBXBuildFile; fileRef = 9DCDB81C2508B84000A6F940 /* SMyInfoQueryModel.swift */; };
		9DCDB81F2508C17600A6F940 /* SMyInfoReviewQueryModel.swift in Sources */ = {isa = PBXBuildFile; fileRef = 9DCDB81E2508C17600A6F940 /* SMyInfoReviewQueryModel.swift */; };
		9DCDB8212509CDC200A6F940 /* SMyInfoLikeQueryModel.swift in Sources */ = {isa = PBXBuildFile; fileRef = 9DCDB8202509CDC200A6F940 /* SMyInfoLikeQueryModel.swift */; };
		9DCDB8232509D27200A6F940 /* SMyInfoSellQueryModel.swift in Sources */ = {isa = PBXBuildFile; fileRef = 9DCDB8222509D27200A6F940 /* SMyInfoSellQueryModel.swift */; };
		9DCDB8252509D44B00A6F940 /* SMyInfoSellListQueryModel.swift in Sources */ = {isa = PBXBuildFile; fileRef = 9DCDB8242509D44B00A6F940 /* SMyInfoSellListQueryModel.swift */; };
		9DCDB8292509E8E300A6F940 /* BMyInfoTableViewCell.swift in Sources */ = {isa = PBXBuildFile; fileRef = 9DCDB8282509E8E300A6F940 /* BMyInfoTableViewCell.swift */; };
		9DCDB82B250A134400A6F940 /* BChargeCashQueryModel.swift in Sources */ = {isa = PBXBuildFile; fileRef = 9DCDB82A250A134400A6F940 /* BChargeCashQueryModel.swift */; };
		9DCDB82D250A223800A6F940 /* BUpdateInfoViewController.swift in Sources */ = {isa = PBXBuildFile; fileRef = 9DCDB82C250A223800A6F940 /* BUpdateInfoViewController.swift */; };
		9DCDB82F250A29BD00A6F940 /* BUpdateQueryModel.swift in Sources */ = {isa = PBXBuildFile; fileRef = 9DCDB82E250A29BD00A6F940 /* BUpdateQueryModel.swift */; };
		9DCDB831250A3E7900A6F940 /* SUpdateQueryModel.swift in Sources */ = {isa = PBXBuildFile; fileRef = 9DCDB830250A3E7900A6F940 /* SUpdateQueryModel.swift */; };
		9DCDB833250A3FBA00A6F940 /* SUpdateInfoViewController.swift in Sources */ = {isa = PBXBuildFile; fileRef = 9DCDB832250A3FBA00A6F940 /* SUpdateInfoViewController.swift */; };
		EC1E3BA62502167200F4ABDB /* SHomeViewController.swift in Sources */ = {isa = PBXBuildFile; fileRef = EC1E3BA52502167200F4ABDB /* SHomeViewController.swift */; };
		EC1E3BA82502169A00F4ABDB /* SNoticeViewController.swift in Sources */ = {isa = PBXBuildFile; fileRef = EC1E3BA72502169A00F4ABDB /* SNoticeViewController.swift */; };
		EC1E3BAA250216AF00F4ABDB /* SInterestViewController.swift in Sources */ = {isa = PBXBuildFile; fileRef = EC1E3BA9250216AF00F4ABDB /* SInterestViewController.swift */; };
		EC1E3BAC250216C000F4ABDB /* SMyinfoViewController.swift in Sources */ = {isa = PBXBuildFile; fileRef = EC1E3BAB250216C000F4ABDB /* SMyinfoViewController.swift */; };
		EC1E3BAE2506244C00F4ABDB /* BDetailViewController.swift in Sources */ = {isa = PBXBuildFile; fileRef = EC1E3BAD2506244C00F4ABDB /* BDetailViewController.swift */; };
		EC1E3BB02507513900F4ABDB /* SProductAddViewController.swift in Sources */ = {isa = PBXBuildFile; fileRef = EC1E3BAF2507513900F4ABDB /* SProductAddViewController.swift */; };
		EC1E3BB22507613700F4ABDB /* ProductInsertModel.swift in Sources */ = {isa = PBXBuildFile; fileRef = EC1E3BB12507613700F4ABDB /* ProductInsertModel.swift */; };
/* End PBXBuildFile section */

/* Begin PBXFileReference section */
		21D2D1A7250726DE00085E16 /* SignUpDBModel.swift */ = {isa = PBXFileReference; lastKnownFileType = sourcecode.swift; path = SignUpDBModel.swift; sourceTree = "<group>"; };
		21D2D1A9250728B300085E16 /* SignUpModel.swift */ = {isa = PBXFileReference; lastKnownFileType = sourcecode.swift; path = SignUpModel.swift; sourceTree = "<group>"; };
		21D2D1AB2507535B00085E16 /* readmeD.rtf */ = {isa = PBXFileReference; lastKnownFileType = text.rtf; path = readmeD.rtf; sourceTree = "<group>"; };
		21D2D1AF2508698600085E16 /* EmailChkModel.swift */ = {isa = PBXFileReference; lastKnownFileType = sourcecode.swift; path = EmailChkModel.swift; sourceTree = "<group>"; };
		300F98D92506055300411288 /* BSearchViewController.swift */ = {isa = PBXFileReference; lastKnownFileType = sourcecode.swift; path = BSearchViewController.swift; sourceTree = "<group>"; };
		30628B08250207FD0037AB3B /* SSAK30.app */ = {isa = PBXFileReference; explicitFileType = wrapper.application; includeInIndex = 0; path = SSAK30.app; sourceTree = BUILT_PRODUCTS_DIR; };
		30628B0B250207FD0037AB3B /* AppDelegate.swift */ = {isa = PBXFileReference; lastKnownFileType = sourcecode.swift; path = AppDelegate.swift; sourceTree = "<group>"; };
		30628B0D250207FD0037AB3B /* SceneDelegate.swift */ = {isa = PBXFileReference; lastKnownFileType = sourcecode.swift; path = SceneDelegate.swift; sourceTree = "<group>"; };
		30628B12250207FD0037AB3B /* Base */ = {isa = PBXFileReference; lastKnownFileType = file.storyboard; name = Base; path = Base.lproj/Main.storyboard; sourceTree = "<group>"; };
		30628B15250207FD0037AB3B /* SSAK30.xcdatamodel */ = {isa = PBXFileReference; lastKnownFileType = wrapper.xcdatamodel; path = SSAK30.xcdatamodel; sourceTree = "<group>"; };
		30628B17250208000037AB3B /* Assets.xcassets */ = {isa = PBXFileReference; lastKnownFileType = folder.assetcatalog; path = Assets.xcassets; sourceTree = "<group>"; };
		30628B1A250208000037AB3B /* Base */ = {isa = PBXFileReference; lastKnownFileType = file.storyboard; name = Base; path = Base.lproj/LaunchScreen.storyboard; sourceTree = "<group>"; };
		30628B1C250208000037AB3B /* Info.plist */ = {isa = PBXFileReference; lastKnownFileType = text.plist.xml; path = Info.plist; sourceTree = "<group>"; };
		306561EE2508C11B004DA1E2 /* popStoreTableViewCell.swift */ = {isa = PBXFileReference; lastKnownFileType = sourcecode.swift; path = popStoreTableViewCell.swift; sourceTree = "<group>"; };
		306561F02508CD85004DA1E2 /* AfterSearchTableViewController.swift */ = {isa = PBXFileReference; lastKnownFileType = sourcecode.swift; path = AfterSearchTableViewController.swift; sourceTree = "<group>"; };
		308D362425024EAB00B363B9 /* BHomeViewController.swift */ = {isa = PBXFileReference; lastKnownFileType = sourcecode.swift; path = BHomeViewController.swift; sourceTree = "<group>"; };
		308D362625024EB600B363B9 /* BNoticeViewController.swift */ = {isa = PBXFileReference; lastKnownFileType = sourcecode.swift; path = BNoticeViewController.swift; sourceTree = "<group>"; };
		308D362825024EC100B363B9 /* BInterestViewController.swift */ = {isa = PBXFileReference; lastKnownFileType = sourcecode.swift; path = BInterestViewController.swift; sourceTree = "<group>"; };
		308D362A25024ECE00B363B9 /* BMyinfoViewController.swift */ = {isa = PBXFileReference; lastKnownFileType = sourcecode.swift; path = BMyinfoViewController.swift; sourceTree = "<group>"; };
		308D362C25024F6000B363B9 /* LoginViewController.swift */ = {isa = PBXFileReference; lastKnownFileType = sourcecode.swift; path = LoginViewController.swift; sourceTree = "<group>"; };
		30D5B0B3250A0959002B66EB /* MarketModel.swift */ = {isa = PBXFileReference; lastKnownFileType = sourcecode.swift; path = MarketModel.swift; sourceTree = "<group>"; };
		30D5B0B5250A0A76002B66EB /* NearStoreModel.swift */ = {isa = PBXFileReference; lastKnownFileType = sourcecode.swift; path = NearStoreModel.swift; sourceTree = "<group>"; };
		30D5B0B7250A0C5D002B66EB /* StoreMarketQueryModel.swift */ = {isa = PBXFileReference; lastKnownFileType = sourcecode.swift; path = StoreMarketQueryModel.swift; sourceTree = "<group>"; };
		4ED5E446250218650016EFD8 /* playstore.png */ = {isa = PBXFileReference; lastKnownFileType = image.png; path = playstore.png; sourceTree = "<group>"; };
		6B895EC72508CD18008E4D3D /* BHomeDBModel.swift */ = {isa = PBXFileReference; lastKnownFileType = sourcecode.swift; path = BHomeDBModel.swift; sourceTree = "<group>"; };
		6B895EC92508CD31008E4D3D /* BHomeQueryModel.swift */ = {isa = PBXFileReference; lastKnownFileType = sourcecode.swift; path = BHomeQueryModel.swift; sourceTree = "<group>"; };
		6B895ECB2508CE2F008E4D3D /* BHomeTableViewCell.swift */ = {isa = PBXFileReference; lastKnownFileType = sourcecode.swift; path = BHomeTableViewCell.swift; sourceTree = "<group>"; };
		6BC590A8250CFB09001A7FAD /* BDetailQueryModel.swift */ = {isa = PBXFileReference; lastKnownFileType = sourcecode.swift; path = BDetailQueryModel.swift; sourceTree = "<group>"; };
		6BE3EE072509DB8900323294 /* BMainRecommendListViewController.swift */ = {isa = PBXFileReference; lastKnownFileType = sourcecode.swift; path = BMainRecommendListViewController.swift; sourceTree = "<group>"; };
		6BE3EE092509F34900323294 /* BHomeInterstQueryModel.swift */ = {isa = PBXFileReference; lastKnownFileType = sourcecode.swift; path = BHomeInterstQueryModel.swift; sourceTree = "<group>"; };
		6BE3EE0D250A1A6200323294 /* SMainRecommendListViewController.swift */ = {isa = PBXFileReference; lastKnownFileType = sourcecode.swift; path = SMainRecommendListViewController.swift; sourceTree = "<group>"; };
		6BE3EE0F250A21D000323294 /* SHomeQueryModel.swift */ = {isa = PBXFileReference; lastKnownFileType = sourcecode.swift; path = SHomeQueryModel.swift; sourceTree = "<group>"; };
		6BED9816250B240900FC8A2A /* meat.jpeg */ = {isa = PBXFileReference; lastKnownFileType = image.jpeg; path = meat.jpeg; sourceTree = "<group>"; };
		6BED9818250B241800FC8A2A /* chicken.jpeg */ = {isa = PBXFileReference; lastKnownFileType = image.jpeg; path = chicken.jpeg; sourceTree = "<group>"; };
		91314102745C2E0925DC839E /* Pods-SSAK30.debug.xcconfig */ = {isa = PBXFileReference; includeInIndex = 1; lastKnownFileType = text.xcconfig; name = "Pods-SSAK30.debug.xcconfig"; path = "Target Support Files/Pods-SSAK30/Pods-SSAK30.debug.xcconfig"; sourceTree = "<group>"; };
		985EEA9F59368F579D9282D1 /* Pods-SSAK30.release.xcconfig */ = {isa = PBXFileReference; includeInIndex = 1; lastKnownFileType = text.xcconfig; name = "Pods-SSAK30.release.xcconfig"; path = "Target Support Files/Pods-SSAK30/Pods-SSAK30.release.xcconfig"; sourceTree = "<group>"; };
		9DCDB80A2505FBEE00A6F940 /* BuySellChkViewController.swift */ = {isa = PBXFileReference; lastKnownFileType = sourcecode.swift; path = BuySellChkViewController.swift; sourceTree = "<group>"; };
		9DCDB80C2506080D00A6F940 /* SignUpViewController.swift */ = {isa = PBXFileReference; lastKnownFileType = sourcecode.swift; path = SignUpViewController.swift; sourceTree = "<group>"; };
		9DCDB80E2506252800A6F940 /* FindIdPwViewController.swift */ = {isa = PBXFileReference; lastKnownFileType = sourcecode.swift; path = FindIdPwViewController.swift; sourceTree = "<group>"; };
		9DCDB8102507485000A6F940 /* BMyInfoDBModel.swift */ = {isa = PBXFileReference; lastKnownFileType = sourcecode.swift; path = BMyInfoDBModel.swift; sourceTree = "<group>"; };
		9DCDB8122507594B00A6F940 /* BMyInfoQueryModel.swift */ = {isa = PBXFileReference; lastKnownFileType = sourcecode.swift; path = BMyInfoQueryModel.swift; sourceTree = "<group>"; };
		9DCDB816250779D400A6F940 /* BMyInfoBuyListQueryModel.swift */ = {isa = PBXFileReference; lastKnownFileType = sourcecode.swift; path = BMyInfoBuyListQueryModel.swift; sourceTree = "<group>"; };
		9DCDB81A25087C1800A6F940 /* SMyInfoDBModel.swift */ = {isa = PBXFileReference; lastKnownFileType = sourcecode.swift; path = SMyInfoDBModel.swift; sourceTree = "<group>"; };
		9DCDB81C2508B84000A6F940 /* SMyInfoQueryModel.swift */ = {isa = PBXFileReference; lastKnownFileType = sourcecode.swift; path = SMyInfoQueryModel.swift; sourceTree = "<group>"; };
		9DCDB81E2508C17600A6F940 /* SMyInfoReviewQueryModel.swift */ = {isa = PBXFileReference; lastKnownFileType = sourcecode.swift; path = SMyInfoReviewQueryModel.swift; sourceTree = "<group>"; };
		9DCDB8202509CDC200A6F940 /* SMyInfoLikeQueryModel.swift */ = {isa = PBXFileReference; lastKnownFileType = sourcecode.swift; path = SMyInfoLikeQueryModel.swift; sourceTree = "<group>"; };
		9DCDB8222509D27200A6F940 /* SMyInfoSellQueryModel.swift */ = {isa = PBXFileReference; lastKnownFileType = sourcecode.swift; path = SMyInfoSellQueryModel.swift; sourceTree = "<group>"; };
		9DCDB8242509D44B00A6F940 /* SMyInfoSellListQueryModel.swift */ = {isa = PBXFileReference; lastKnownFileType = sourcecode.swift; path = SMyInfoSellListQueryModel.swift; sourceTree = "<group>"; };
		9DCDB8282509E8E300A6F940 /* BMyInfoTableViewCell.swift */ = {isa = PBXFileReference; lastKnownFileType = sourcecode.swift; path = BMyInfoTableViewCell.swift; sourceTree = "<group>"; };
		9DCDB82A250A134400A6F940 /* BChargeCashQueryModel.swift */ = {isa = PBXFileReference; lastKnownFileType = sourcecode.swift; path = BChargeCashQueryModel.swift; sourceTree = "<group>"; };
		9DCDB82C250A223800A6F940 /* BUpdateInfoViewController.swift */ = {isa = PBXFileReference; lastKnownFileType = sourcecode.swift; path = BUpdateInfoViewController.swift; sourceTree = "<group>"; };
		9DCDB82E250A29BD00A6F940 /* BUpdateQueryModel.swift */ = {isa = PBXFileReference; lastKnownFileType = sourcecode.swift; path = BUpdateQueryModel.swift; sourceTree = "<group>"; };
		9DCDB830250A3E7900A6F940 /* SUpdateQueryModel.swift */ = {isa = PBXFileReference; lastKnownFileType = sourcecode.swift; path = SUpdateQueryModel.swift; sourceTree = "<group>"; };
		9DCDB832250A3FBA00A6F940 /* SUpdateInfoViewController.swift */ = {isa = PBXFileReference; lastKnownFileType = sourcecode.swift; path = SUpdateInfoViewController.swift; sourceTree = "<group>"; };
		D1584B15B579549D07F61806 /* Pods_SSAK30.framework */ = {isa = PBXFileReference; explicitFileType = wrapper.framework; includeInIndex = 0; path = Pods_SSAK30.framework; sourceTree = BUILT_PRODUCTS_DIR; };
		EC1E3BA52502167200F4ABDB /* SHomeViewController.swift */ = {isa = PBXFileReference; lastKnownFileType = sourcecode.swift; path = SHomeViewController.swift; sourceTree = "<group>"; };
		EC1E3BA72502169A00F4ABDB /* SNoticeViewController.swift */ = {isa = PBXFileReference; lastKnownFileType = sourcecode.swift; path = SNoticeViewController.swift; sourceTree = "<group>"; };
		EC1E3BA9250216AF00F4ABDB /* SInterestViewController.swift */ = {isa = PBXFileReference; lastKnownFileType = sourcecode.swift; path = SInterestViewController.swift; sourceTree = "<group>"; };
		EC1E3BAB250216C000F4ABDB /* SMyinfoViewController.swift */ = {isa = PBXFileReference; lastKnownFileType = sourcecode.swift; path = SMyinfoViewController.swift; sourceTree = "<group>"; };
		EC1E3BAD2506244C00F4ABDB /* BDetailViewController.swift */ = {isa = PBXFileReference; lastKnownFileType = sourcecode.swift; path = BDetailViewController.swift; sourceTree = "<group>"; };
		EC1E3BAF2507513900F4ABDB /* SProductAddViewController.swift */ = {isa = PBXFileReference; lastKnownFileType = sourcecode.swift; path = SProductAddViewController.swift; sourceTree = "<group>"; };
		EC1E3BB12507613700F4ABDB /* ProductInsertModel.swift */ = {isa = PBXFileReference; lastKnownFileType = sourcecode.swift; path = ProductInsertModel.swift; sourceTree = "<group>"; };
/* End PBXFileReference section */

/* Begin PBXFrameworksBuildPhase section */
		30628B05250207FD0037AB3B /* Frameworks */ = {
			isa = PBXFrameworksBuildPhase;
			buildActionMask = 2147483647;
			files = (
				24BCEC0F2665896B85AD06B8 /* Pods_SSAK30.framework in Frameworks */,
			);
			runOnlyForDeploymentPostprocessing = 0;
		};
/* End PBXFrameworksBuildPhase section */

/* Begin PBXGroup section */
		1D537C20426AE6243A414A29 /* Frameworks */ = {
			isa = PBXGroup;
			children = (
				D1584B15B579549D07F61806 /* Pods_SSAK30.framework */,
			);
			name = Frameworks;
			sourceTree = "<group>";
		};
		2B1E86B9EB0A6509E07FCA03 /* Pods */ = {
			isa = PBXGroup;
			children = (
				91314102745C2E0925DC839E /* Pods-SSAK30.debug.xcconfig */,
				985EEA9F59368F579D9282D1 /* Pods-SSAK30.release.xcconfig */,
			);
			path = Pods;
			sourceTree = "<group>";
		};
		30628AFF250207FD0037AB3B = {
			isa = PBXGroup;
			children = (
				30628B0A250207FD0037AB3B /* SSAK30 */,
				30628B09250207FD0037AB3B /* Products */,
				2B1E86B9EB0A6509E07FCA03 /* Pods */,
				1D537C20426AE6243A414A29 /* Frameworks */,
			);
			sourceTree = "<group>";
		};
		30628B09250207FD0037AB3B /* Products */ = {
			isa = PBXGroup;
			children = (
				30628B08250207FD0037AB3B /* SSAK30.app */,
			);
			name = Products;
			sourceTree = "<group>";
		};
		30628B0A250207FD0037AB3B /* SSAK30 */ = {
			isa = PBXGroup;
			children = (
				4ED5E446250218650016EFD8 /* playstore.png */,
				6BED9816250B240900FC8A2A /* meat.jpeg */,
				6BED9818250B241800FC8A2A /* chicken.jpeg */,
				30628B0B250207FD0037AB3B /* AppDelegate.swift */,
				30628B0D250207FD0037AB3B /* SceneDelegate.swift */,
				30628B11250207FD0037AB3B /* Main.storyboard */,
				9DCDB80A2505FBEE00A6F940 /* BuySellChkViewController.swift */,
				9DCDB80C2506080D00A6F940 /* SignUpViewController.swift */,
				9DCDB80E2506252800A6F940 /* FindIdPwViewController.swift */,
				308D362C25024F6000B363B9 /* LoginViewController.swift */,
				308D362425024EAB00B363B9 /* BHomeViewController.swift */,
				6BE3EE072509DB8900323294 /* BMainRecommendListViewController.swift */,
				EC1E3BAD2506244C00F4ABDB /* BDetailViewController.swift */,
				308D362625024EB600B363B9 /* BNoticeViewController.swift */,
				308D362825024EC100B363B9 /* BInterestViewController.swift */,
				308D362A25024ECE00B363B9 /* BMyinfoViewController.swift */,
				9DCDB82C250A223800A6F940 /* BUpdateInfoViewController.swift */,
				9DCDB8102507485000A6F940 /* BMyInfoDBModel.swift */,
				9DCDB816250779D400A6F940 /* BMyInfoBuyListQueryModel.swift */,
				9DCDB8122507594B00A6F940 /* BMyInfoQueryModel.swift */,
				9DCDB82A250A134400A6F940 /* BChargeCashQueryModel.swift */,
				9DCDB82E250A29BD00A6F940 /* BUpdateQueryModel.swift */,
				9DCDB8282509E8E300A6F940 /* BMyInfoTableViewCell.swift */,
				EC1E3BA52502167200F4ABDB /* SHomeViewController.swift */,
				6BE3EE0D250A1A6200323294 /* SMainRecommendListViewController.swift */,
				EC1E3BA72502169A00F4ABDB /* SNoticeViewController.swift */,
				EC1E3BA9250216AF00F4ABDB /* SInterestViewController.swift */,
				306561F02508CD85004DA1E2 /* AfterSearchTableViewController.swift */,
				306561EE2508C11B004DA1E2 /* popStoreTableViewCell.swift */,
				EC1E3BAB250216C000F4ABDB /* SMyinfoViewController.swift */,
				9DCDB832250A3FBA00A6F940 /* SUpdateInfoViewController.swift */,
				9DCDB81A25087C1800A6F940 /* SMyInfoDBModel.swift */,
				9DCDB81C2508B84000A6F940 /* SMyInfoQueryModel.swift */,
				9DCDB81E2508C17600A6F940 /* SMyInfoReviewQueryModel.swift */,
				9DCDB8202509CDC200A6F940 /* SMyInfoLikeQueryModel.swift */,
				9DCDB8222509D27200A6F940 /* SMyInfoSellQueryModel.swift */,
				9DCDB8242509D44B00A6F940 /* SMyInfoSellListQueryModel.swift */,
				9DCDB830250A3E7900A6F940 /* SUpdateQueryModel.swift */,
				30628B17250208000037AB3B /* Assets.xcassets */,
				30628B19250208000037AB3B /* LaunchScreen.storyboard */,
				30628B1C250208000037AB3B /* Info.plist */,
				30628B14250207FD0037AB3B /* SSAK30.xcdatamodeld */,
				300F98D92506055300411288 /* BSearchViewController.swift */,
				EC1E3BAF2507513900F4ABDB /* SProductAddViewController.swift */,
				EC1E3BB12507613700F4ABDB /* ProductInsertModel.swift */,
				6B895EC72508CD18008E4D3D /* BHomeDBModel.swift */,
				6B895EC92508CD31008E4D3D /* BHomeQueryModel.swift */,
				6B895ECB2508CE2F008E4D3D /* BHomeTableViewCell.swift */,
				30D5B0B3250A0959002B66EB /* MarketModel.swift */,
				30D5B0B5250A0A76002B66EB /* NearStoreModel.swift */,
				30D5B0B7250A0C5D002B66EB /* StoreMarketQueryModel.swift */,
				6BE3EE092509F34900323294 /* BHomeInterstQueryModel.swift */,
				6BE3EE0F250A21D000323294 /* SHomeQueryModel.swift */,
				21D2D1A7250726DE00085E16 /* SignUpDBModel.swift */,
				21D2D1A9250728B300085E16 /* SignUpModel.swift */,
				21D2D1AF2508698600085E16 /* EmailChkModel.swift */,
				21D2D1AB2507535B00085E16 /* readmeD.rtf */,
				6BC590A8250CFB09001A7FAD /* BDetailQueryModel.swift */,
			);
			path = SSAK30;
			sourceTree = "<group>";
		};
/* End PBXGroup section */

/* Begin PBXNativeTarget section */
		30628B07250207FD0037AB3B /* SSAK30 */ = {
			isa = PBXNativeTarget;
			buildConfigurationList = 30628B1F250208000037AB3B /* Build configuration list for PBXNativeTarget "SSAK30" */;
			buildPhases = (
				014CDF7774E8DB178772DC7B /* [CP] Check Pods Manifest.lock */,
				30628B04250207FD0037AB3B /* Sources */,
				30628B05250207FD0037AB3B /* Frameworks */,
				30628B06250207FD0037AB3B /* Resources */,
				D77278DFA6F8B13B6ACBEF49 /* [CP] Embed Pods Frameworks */,
			);
			buildRules = (
			);
			dependencies = (
			);
			name = SSAK30;
			productName = SSAK30;
			productReference = 30628B08250207FD0037AB3B /* SSAK30.app */;
			productType = "com.apple.product-type.application";
		};
/* End PBXNativeTarget section */

/* Begin PBXProject section */
		30628B00250207FD0037AB3B /* Project object */ = {
			isa = PBXProject;
			attributes = {
				LastSwiftUpdateCheck = 1160;
				LastUpgradeCheck = 1160;
				ORGANIZATIONNAME = "김승희";
				TargetAttributes = {
					30628B07250207FD0037AB3B = {
						CreatedOnToolsVersion = 11.6;
					};
				};
			};
			buildConfigurationList = 30628B03250207FD0037AB3B /* Build configuration list for PBXProject "SSAK30" */;
			compatibilityVersion = "Xcode 9.3";
			developmentRegion = en;
			hasScannedForEncodings = 0;
			knownRegions = (
				en,
				Base,
			);
			mainGroup = 30628AFF250207FD0037AB3B;
			productRefGroup = 30628B09250207FD0037AB3B /* Products */;
			projectDirPath = "";
			projectRoot = "";
			targets = (
				30628B07250207FD0037AB3B /* SSAK30 */,
			);
		};
/* End PBXProject section */

/* Begin PBXResourcesBuildPhase section */
		30628B06250207FD0037AB3B /* Resources */ = {
			isa = PBXResourcesBuildPhase;
			buildActionMask = 2147483647;
			files = (
				6BED9817250B240900FC8A2A /* meat.jpeg in Resources */,
				30628B1B250208000037AB3B /* LaunchScreen.storyboard in Resources */,
				30628B18250208000037AB3B /* Assets.xcassets in Resources */,
				21D2D1AC2507535B00085E16 /* readmeD.rtf in Resources */,
				30628B13250207FD0037AB3B /* Main.storyboard in Resources */,
				4ED5E447250218650016EFD8 /* playstore.png in Resources */,
				6BED9819250B241800FC8A2A /* chicken.jpeg in Resources */,
			);
			runOnlyForDeploymentPostprocessing = 0;
		};
/* End PBXResourcesBuildPhase section */

/* Begin PBXShellScriptBuildPhase section */
		014CDF7774E8DB178772DC7B /* [CP] Check Pods Manifest.lock */ = {
			isa = PBXShellScriptBuildPhase;
			buildActionMask = 2147483647;
			files = (
			);
			inputFileListPaths = (
			);
			inputPaths = (
				"${PODS_PODFILE_DIR_PATH}/Podfile.lock",
				"${PODS_ROOT}/Manifest.lock",
			);
			name = "[CP] Check Pods Manifest.lock";
			outputFileListPaths = (
			);
			outputPaths = (
				"$(DERIVED_FILE_DIR)/Pods-SSAK30-checkManifestLockResult.txt",
			);
			runOnlyForDeploymentPostprocessing = 0;
			shellPath = /bin/sh;
			shellScript = "diff \"${PODS_PODFILE_DIR_PATH}/Podfile.lock\" \"${PODS_ROOT}/Manifest.lock\" > /dev/null\nif [ $? != 0 ] ; then\n    # print error to STDERR\n    echo \"error: The sandbox is not in sync with the Podfile.lock. Run 'pod install' or update your CocoaPods installation.\" >&2\n    exit 1\nfi\n# This output is used by Xcode 'outputs' to avoid re-running this script phase.\necho \"SUCCESS\" > \"${SCRIPT_OUTPUT_FILE_0}\"\n";
			showEnvVarsInLog = 0;
		};
		D77278DFA6F8B13B6ACBEF49 /* [CP] Embed Pods Frameworks */ = {
			isa = PBXShellScriptBuildPhase;
			buildActionMask = 2147483647;
			files = (
			);
			inputFileListPaths = (
				"${PODS_ROOT}/Target Support Files/Pods-SSAK30/Pods-SSAK30-frameworks-${CONFIGURATION}-input-files.xcfilelist",
			);
			name = "[CP] Embed Pods Frameworks";
			outputFileListPaths = (
				"${PODS_ROOT}/Target Support Files/Pods-SSAK30/Pods-SSAK30-frameworks-${CONFIGURATION}-output-files.xcfilelist",
			);
			runOnlyForDeploymentPostprocessing = 0;
			shellPath = /bin/sh;
			shellScript = "\"${PODS_ROOT}/Target Support Files/Pods-SSAK30/Pods-SSAK30-frameworks.sh\"\n";
			showEnvVarsInLog = 0;
		};
/* End PBXShellScriptBuildPhase section */

/* Begin PBXSourcesBuildPhase section */
		30628B04250207FD0037AB3B /* Sources */ = {
			isa = PBXSourcesBuildPhase;
			buildActionMask = 2147483647;
			files = (
				308D362D25024F6000B363B9 /* LoginViewController.swift in Sources */,
				EC1E3BAA250216AF00F4ABDB /* SInterestViewController.swift in Sources */,
				30D5B0B8250A0C5D002B66EB /* StoreMarketQueryModel.swift in Sources */,
				9DCDB8292509E8E300A6F940 /* BMyInfoTableViewCell.swift in Sources */,
				21D2D1B02508698600085E16 /* EmailChkModel.swift in Sources */,
				30628B16250207FD0037AB3B /* SSAK30.xcdatamodeld in Sources */,
				308D362B25024ECE00B363B9 /* BMyinfoViewController.swift in Sources */,
				30628B0C250207FD0037AB3B /* AppDelegate.swift in Sources */,
				30D5B0B4250A0959002B66EB /* MarketModel.swift in Sources */,
				EC1E3BAC250216C000F4ABDB /* SMyinfoViewController.swift in Sources */,
				9DCDB8212509CDC200A6F940 /* SMyInfoLikeQueryModel.swift in Sources */,
				EC1E3BAE2506244C00F4ABDB /* BDetailViewController.swift in Sources */,
				30628B0E250207FD0037AB3B /* SceneDelegate.swift in Sources */,
				6BE3EE082509DB8900323294 /* BMainRecommendListViewController.swift in Sources */,
				6B895EC82508CD18008E4D3D /* BHomeDBModel.swift in Sources */,
				9DCDB82F250A29BD00A6F940 /* BUpdateQueryModel.swift in Sources */,
				9DCDB82B250A134400A6F940 /* BChargeCashQueryModel.swift in Sources */,
				EC1E3BA62502167200F4ABDB /* SHomeViewController.swift in Sources */,
				9DCDB80D2506080D00A6F940 /* SignUpViewController.swift in Sources */,
				308D362525024EAB00B363B9 /* BHomeViewController.swift in Sources */,
				6B895ECA2508CD31008E4D3D /* BHomeQueryModel.swift in Sources */,
				9DCDB81F2508C17600A6F940 /* SMyInfoReviewQueryModel.swift in Sources */,
				6BE3EE0E250A1A6200323294 /* SMainRecommendListViewController.swift in Sources */,
				9DCDB81B25087C1800A6F940 /* SMyInfoDBModel.swift in Sources */,
				9DCDB82D250A223800A6F940 /* BUpdateInfoViewController.swift in Sources */,
				EC1E3BA62502167200F4ABDB /* SHomeViewController.swift in Sources */,
				9DCDB80D2506080D00A6F940 /* SignUpViewController.swift in Sources */,
				6BC590A9250CFB09001A7FAD /* BDetailQueryModel.swift in Sources */,
				9DCDB8232509D27200A6F940 /* SMyInfoSellQueryModel.swift in Sources */,
				308D362525024EAB00B363B9 /* BHomeViewController.swift in Sources */,
				6BE3EE10250A21D000323294 /* SHomeQueryModel.swift in Sources */,
				9DCDB8132507594B00A6F940 /* BMyInfoQueryModel.swift in Sources */,
				9DCDB80B2505FBEE00A6F940 /* BuySellChkViewController.swift in Sources */,
				9DCDB833250A3FBA00A6F940 /* SUpdateInfoViewController.swift in Sources */,
				9DCDB8252509D44B00A6F940 /* SMyInfoSellListQueryModel.swift in Sources */,
				9DCDB831250A3E7900A6F940 /* SUpdateQueryModel.swift in Sources */,
				9DCDB817250779D400A6F940 /* BMyInfoBuyListQueryModel.swift in Sources */,
				6BE3EE0A2509F34900323294 /* BHomeInterstQueryModel.swift in Sources */,
				9DCDB81D2508B84000A6F940 /* SMyInfoQueryModel.swift in Sources */,
				30D5B0B6250A0A76002B66EB /* NearStoreModel.swift in Sources */,
				21D2D1A8250726DE00085E16 /* SignUpDBModel.swift in Sources */,
				9DCDB80B2505FBEE00A6F940 /* BuySellChkViewController.swift in Sources */,
				21D2D1AA250728B300085E16 /* SignUpModel.swift in Sources */,
				308D362525024EAB00B363B9 /* BHomeViewController.swift in Sources */,
				300F98DA2506055300411288 /* BSearchViewController.swift in Sources */,
				EC1E3BB02507513900F4ABDB /* SProductAddViewController.swift in Sources */,
				9DCDB8112507485000A6F940 /* BMyInfoDBModel.swift in Sources */,
				308D362725024EB600B363B9 /* BNoticeViewController.swift in Sources */,
				9DCDB80F2506252800A6F940 /* FindIdPwViewController.swift in Sources */,
				306561EF2508C11B004DA1E2 /* popStoreTableViewCell.swift in Sources */,
				6B895ECC2508CE2F008E4D3D /* BHomeTableViewCell.swift in Sources */,
				EC1E3BA82502169A00F4ABDB /* SNoticeViewController.swift in Sources */,
				306561F12508CD85004DA1E2 /* AfterSearchTableViewController.swift in Sources */,
				EC1E3BB22507613700F4ABDB /* ProductInsertModel.swift in Sources */,
				308D362925024EC100B363B9 /* BInterestViewController.swift in Sources */,
			);
			runOnlyForDeploymentPostprocessing = 0;
		};
/* End PBXSourcesBuildPhase section */

/* Begin PBXVariantGroup section */
		30628B11250207FD0037AB3B /* Main.storyboard */ = {
			isa = PBXVariantGroup;
			children = (
				30628B12250207FD0037AB3B /* Base */,
			);
			name = Main.storyboard;
			sourceTree = "<group>";
		};
		30628B19250208000037AB3B /* LaunchScreen.storyboard */ = {
			isa = PBXVariantGroup;
			children = (
				30628B1A250208000037AB3B /* Base */,
			);
			name = LaunchScreen.storyboard;
			sourceTree = "<group>";
		};
/* End PBXVariantGroup section */

/* Begin XCBuildConfiguration section */
		30628B1D250208000037AB3B /* Debug */ = {
			isa = XCBuildConfiguration;
			buildSettings = {
				ALWAYS_SEARCH_USER_PATHS = NO;
				CLANG_ANALYZER_NONNULL = YES;
				CLANG_ANALYZER_NUMBER_OBJECT_CONVERSION = YES_AGGRESSIVE;
				CLANG_CXX_LANGUAGE_STANDARD = "gnu++14";
				CLANG_CXX_LIBRARY = "libc++";
				CLANG_ENABLE_MODULES = YES;
				CLANG_ENABLE_OBJC_ARC = YES;
				CLANG_ENABLE_OBJC_WEAK = YES;
				CLANG_WARN_BLOCK_CAPTURE_AUTORELEASING = YES;
				CLANG_WARN_BOOL_CONVERSION = YES;
				CLANG_WARN_COMMA = YES;
				CLANG_WARN_CONSTANT_CONVERSION = YES;
				CLANG_WARN_DEPRECATED_OBJC_IMPLEMENTATIONS = YES;
				CLANG_WARN_DIRECT_OBJC_ISA_USAGE = YES_ERROR;
				CLANG_WARN_DOCUMENTATION_COMMENTS = YES;
				CLANG_WARN_EMPTY_BODY = YES;
				CLANG_WARN_ENUM_CONVERSION = YES;
				CLANG_WARN_INFINITE_RECURSION = YES;
				CLANG_WARN_INT_CONVERSION = YES;
				CLANG_WARN_NON_LITERAL_NULL_CONVERSION = YES;
				CLANG_WARN_OBJC_IMPLICIT_RETAIN_SELF = YES;
				CLANG_WARN_OBJC_LITERAL_CONVERSION = YES;
				CLANG_WARN_OBJC_ROOT_CLASS = YES_ERROR;
				CLANG_WARN_RANGE_LOOP_ANALYSIS = YES;
				CLANG_WARN_STRICT_PROTOTYPES = YES;
				CLANG_WARN_SUSPICIOUS_MOVE = YES;
				CLANG_WARN_UNGUARDED_AVAILABILITY = YES_AGGRESSIVE;
				CLANG_WARN_UNREACHABLE_CODE = YES;
				CLANG_WARN__DUPLICATE_METHOD_MATCH = YES;
				COPY_PHASE_STRIP = NO;
				DEBUG_INFORMATION_FORMAT = dwarf;
				ENABLE_STRICT_OBJC_MSGSEND = YES;
				ENABLE_TESTABILITY = YES;
				GCC_C_LANGUAGE_STANDARD = gnu11;
				GCC_DYNAMIC_NO_PIC = NO;
				GCC_NO_COMMON_BLOCKS = YES;
				GCC_OPTIMIZATION_LEVEL = 0;
				GCC_PREPROCESSOR_DEFINITIONS = (
					"DEBUG=1",
					"$(inherited)",
				);
				GCC_WARN_64_TO_32_BIT_CONVERSION = YES;
				GCC_WARN_ABOUT_RETURN_TYPE = YES_ERROR;
				GCC_WARN_UNDECLARED_SELECTOR = YES;
				GCC_WARN_UNINITIALIZED_AUTOS = YES_AGGRESSIVE;
				GCC_WARN_UNUSED_FUNCTION = YES;
				GCC_WARN_UNUSED_VARIABLE = YES;
				IPHONEOS_DEPLOYMENT_TARGET = 13.6;
				MTL_ENABLE_DEBUG_INFO = INCLUDE_SOURCE;
				MTL_FAST_MATH = YES;
				ONLY_ACTIVE_ARCH = YES;
				SDKROOT = iphoneos;
				SWIFT_ACTIVE_COMPILATION_CONDITIONS = DEBUG;
				SWIFT_OPTIMIZATION_LEVEL = "-Onone";
			};
			name = Debug;
		};
		30628B1E250208000037AB3B /* Release */ = {
			isa = XCBuildConfiguration;
			buildSettings = {
				ALWAYS_SEARCH_USER_PATHS = NO;
				CLANG_ANALYZER_NONNULL = YES;
				CLANG_ANALYZER_NUMBER_OBJECT_CONVERSION = YES_AGGRESSIVE;
				CLANG_CXX_LANGUAGE_STANDARD = "gnu++14";
				CLANG_CXX_LIBRARY = "libc++";
				CLANG_ENABLE_MODULES = YES;
				CLANG_ENABLE_OBJC_ARC = YES;
				CLANG_ENABLE_OBJC_WEAK = YES;
				CLANG_WARN_BLOCK_CAPTURE_AUTORELEASING = YES;
				CLANG_WARN_BOOL_CONVERSION = YES;
				CLANG_WARN_COMMA = YES;
				CLANG_WARN_CONSTANT_CONVERSION = YES;
				CLANG_WARN_DEPRECATED_OBJC_IMPLEMENTATIONS = YES;
				CLANG_WARN_DIRECT_OBJC_ISA_USAGE = YES_ERROR;
				CLANG_WARN_DOCUMENTATION_COMMENTS = YES;
				CLANG_WARN_EMPTY_BODY = YES;
				CLANG_WARN_ENUM_CONVERSION = YES;
				CLANG_WARN_INFINITE_RECURSION = YES;
				CLANG_WARN_INT_CONVERSION = YES;
				CLANG_WARN_NON_LITERAL_NULL_CONVERSION = YES;
				CLANG_WARN_OBJC_IMPLICIT_RETAIN_SELF = YES;
				CLANG_WARN_OBJC_LITERAL_CONVERSION = YES;
				CLANG_WARN_OBJC_ROOT_CLASS = YES_ERROR;
				CLANG_WARN_RANGE_LOOP_ANALYSIS = YES;
				CLANG_WARN_STRICT_PROTOTYPES = YES;
				CLANG_WARN_SUSPICIOUS_MOVE = YES;
				CLANG_WARN_UNGUARDED_AVAILABILITY = YES_AGGRESSIVE;
				CLANG_WARN_UNREACHABLE_CODE = YES;
				CLANG_WARN__DUPLICATE_METHOD_MATCH = YES;
				COPY_PHASE_STRIP = NO;
				DEBUG_INFORMATION_FORMAT = "dwarf-with-dsym";
				ENABLE_NS_ASSERTIONS = NO;
				ENABLE_STRICT_OBJC_MSGSEND = YES;
				GCC_C_LANGUAGE_STANDARD = gnu11;
				GCC_NO_COMMON_BLOCKS = YES;
				GCC_WARN_64_TO_32_BIT_CONVERSION = YES;
				GCC_WARN_ABOUT_RETURN_TYPE = YES_ERROR;
				GCC_WARN_UNDECLARED_SELECTOR = YES;
				GCC_WARN_UNINITIALIZED_AUTOS = YES_AGGRESSIVE;
				GCC_WARN_UNUSED_FUNCTION = YES;
				GCC_WARN_UNUSED_VARIABLE = YES;
				IPHONEOS_DEPLOYMENT_TARGET = 13.6;
				MTL_ENABLE_DEBUG_INFO = NO;
				MTL_FAST_MATH = YES;
				SDKROOT = iphoneos;
				SWIFT_COMPILATION_MODE = wholemodule;
				SWIFT_OPTIMIZATION_LEVEL = "-O";
				VALIDATE_PRODUCT = YES;
			};
			name = Release;
		};
		30628B20250208000037AB3B /* Debug */ = {
			isa = XCBuildConfiguration;
			baseConfigurationReference = 91314102745C2E0925DC839E /* Pods-SSAK30.debug.xcconfig */;
			buildSettings = {
				ASSETCATALOG_COMPILER_APPICON_NAME = AppIcon;
				CODE_SIGN_STYLE = Automatic;
				INFOPLIST_FILE = SSAK30/Info.plist;
				LD_RUNPATH_SEARCH_PATHS = (
					"$(inherited)",
					"@executable_path/Frameworks",
				);
				MACH_O_TYPE = mh_execute;
				PRODUCT_BUNDLE_IDENTIFIER = com.sh.SSAK30;
				PRODUCT_NAME = "$(TARGET_NAME)";
				SWIFT_VERSION = 5.0;
				TARGETED_DEVICE_FAMILY = 1;
			};
			name = Debug;
		};
		30628B21250208000037AB3B /* Release */ = {
			isa = XCBuildConfiguration;
			baseConfigurationReference = 985EEA9F59368F579D9282D1 /* Pods-SSAK30.release.xcconfig */;
			buildSettings = {
				ASSETCATALOG_COMPILER_APPICON_NAME = AppIcon;
				CODE_SIGN_STYLE = Automatic;
				INFOPLIST_FILE = SSAK30/Info.plist;
				LD_RUNPATH_SEARCH_PATHS = (
					"$(inherited)",
					"@executable_path/Frameworks",
				);
				MACH_O_TYPE = mh_execute;
				ONLY_ACTIVE_ARCH = YES;
				PRODUCT_BUNDLE_IDENTIFIER = com.sh.SSAK30;
				PRODUCT_NAME = "$(TARGET_NAME)";
				SWIFT_VERSION = 5.0;
				TARGETED_DEVICE_FAMILY = 1;
			};
			name = Release;
		};
/* End XCBuildConfiguration section */

/* Begin XCConfigurationList section */
		30628B03250207FD0037AB3B /* Build configuration list for PBXProject "SSAK30" */ = {
			isa = XCConfigurationList;
			buildConfigurations = (
				30628B1D250208000037AB3B /* Debug */,
				30628B1E250208000037AB3B /* Release */,
			);
			defaultConfigurationIsVisible = 0;
			defaultConfigurationName = Release;
		};
		30628B1F250208000037AB3B /* Build configuration list for PBXNativeTarget "SSAK30" */ = {
			isa = XCConfigurationList;
			buildConfigurations = (
				30628B20250208000037AB3B /* Debug */,
				30628B21250208000037AB3B /* Release */,
			);
			defaultConfigurationIsVisible = 0;
			defaultConfigurationName = Release;
		};
/* End XCConfigurationList section */

/* Begin XCVersionGroup section */
		30628B14250207FD0037AB3B /* SSAK30.xcdatamodeld */ = {
			isa = XCVersionGroup;
			children = (
				30628B15250207FD0037AB3B /* SSAK30.xcdatamodel */,
			);
			currentVersion = 30628B15250207FD0037AB3B /* SSAK30.xcdatamodel */;
			path = SSAK30.xcdatamodeld;
			sourceTree = "<group>";
			versionGroupType = wrapper.xcdatamodel;
		};
/* End XCVersionGroup section */
	};
	rootObject = 30628B00250207FD0037AB3B /* Project object */;
}
